# Generated by buf. DO NOT EDIT.
version: v2
deps:
  - name: buf.build/gnostic/gnostic
    commit: 087bc8072ce44e339f213209e4d57bf0
    digest: b5:c4eebcd04bc2fdd5dd0b8d695eb419682a650b600cdb56ff2ed61208a24603e0eb1b8ae0d467925c69a24bde6d322f3c4112bd2b8efdd682d8c3128384cdac9a
  - name: buf.build/googleapis/googleapis
    commit: f0e53af8f2fc4556b94f482688b57223
    digest: b5:24e758f963ee1bb3b5218eb452e0bdfb7a5449d9a77d174b8284b6368ccc1884213689381cdcd79e4231796c281c128ac1ae50825237b1774deb542bdc704b32
  - name: buf.build/kratos/apis
    commit: c2de25f14fa445a79a054214f31d17a8
    digest: b5:3e4dac0d26ce9db17309aeb845f0efb38ec7db1af06ee3c6b8dce2f4f7f53f126d62233c4910410384ead7f0a0edb6448cb389e62d1e3da5e927c3a980828f0b
